<?xml version="1.0" encoding="utf-8"?>
<Project ToolsVersion="4.0" xmlns="http://schemas.microsoft.com/developer/msbuild/2003">
  <ItemGroup>
    <Filter Include="Resource Files">
      <UniqueIdentifier>{67DA6AB6-F800-4c08-8B7A-83BB121AAD01}</UniqueIdentifier>
      <Extensions>rc;ico;cur;bmp;dlg;rc2;rct;bin;rgs;gif;jpg;jpeg;jpe;resx;tiff;tif;png;wav;mfcribbon-ms</Extensions>
    </Filter>
    <Filter Include="Graphics">
      <UniqueIdentifier>{4c462506-d4d6-469f-9477-101afad41714}</UniqueIdentifier>
    </Filter>
    <Filter Include="Input">
      <UniqueIdentifier>{b79f629a-b3ab-4b6c-80c7-05860f53a48c}</UniqueIdentifier>
    </Filter>
    <Filter Include="System">
      <UniqueIdentifier>{db7cf107-62d2-403b-abb5-1506c3539ff7}</UniqueIdentifier>
    </Filter>
    <Filter Include="D3D">
      <UniqueIdentifier>{2d7c1564-e19d-4b89-a7d1-9c3ea23ce9ca}</UniqueIdentifier>
    </Filter>
  </ItemGroup>
  <ItemGroup>
    <Text Include="ReadMe.txt" />
  </ItemGroup>
  <ItemGroup>
    <ClInclude Include="Awakens.h" />
    <ClInclude Include="Resource.h" />
    <ClInclude Include="stdafx.h" />
    <ClInclude Include="targetver.h" />
    <ClInclude Include="System\systemclass.h">
      <Filter>System</Filter>
    </ClInclude>
    <ClInclude Include="Graphics\graphicsclass.h">
      <Filter>Graphics</Filter>
    </ClInclude>
    <ClInclude Include="Input\inputclass.h">
      <Filter>Input</Filter>
    </ClInclude>
    <ClInclude Include="D3D\d3dclass.h">
      <Filter>D3D</Filter>
    </ClInclude>
  </ItemGroup>
  <ItemGroup>
    <ClCompile Include="Awakens.cpp" />
    <ClCompile Include="stdafx.cpp" />
    <ClCompile Include="System\systemclass.cpp">
      <Filter>System</Filter>
    </ClCompile>
    <ClCompile Include="Graphics\graphicsclass.cpp">
      <Filter>Graphics</Filter>
    </ClCompile>
    <ClCompile Include="Input\inputclass.cpp">
      <Filter>Input</Filter>
    </ClCompile>
    <ClCompile Include="D3D\d3dclass.cpp">
      <Filter>D3D</Filter>
    </ClCompile>
  </ItemGroup>
  <ItemGroup>
    <ResourceCompile Include="Awakens.rc">
      <Filter>Resource Files</Filter>
    </ResourceCompile>
  </ItemGroup>
  <ItemGroup>
    <Image Include="small.ico">
      <Filter>Resource Files</Filter>
    </Image>
    <Image Include="Awakens.ico">
      <Filter>Resource Files</Filter>
    </Image>
  </ItemGroup>
</Project>